
Microsoft Visual Studio Solution File, Format Version 12.00
# Visual Studio Version 16
VisualStudioVersion = 16.0.30907.101
MinimumVisualStudioVersion = 10.0.40219.1
Project("{FAE04EC0-301F-11D3-BF4B-00C04F79EFBC}") = "ListasReproductor", "ListasReproductor.csproj", "{99948BD5-BF9F-4B05-AC78-5E5D5DE31E56}"
EndProject
Global
	GlobalSection(SolutionConfigurationPlatforms) = preSolution
		Debug|Any CPU = Debug|Any CPU
		Release|Any CPU = Release|Any CPU
	EndGlobalSection
	GlobalSection(ProjectConfigurationPlatforms) = postSolution
		{99948BD5-BF9F-4B05-AC78-5E5D5DE31E56}.Debug|Any CPU.ActiveCfg = Debug|Any CPU
		{99948BD5-BF9F-4B05-AC78-5E5D5DE31E56}.Debug|Any CPU.Build.0 = Debug|Any CPU
		{99948BD5-BF9F-4B05-AC78-5E5D5DE31E56}.Release|Any CPU.ActiveCfg = Release|Any CPU
		{99948BD5-BF9F-4B05-AC78-5E5D5DE31E56}.Release|Any CPU.Build.0 = Release|Any CPU
	EndGlobalSection
	GlobalSection(SolutionProperties) = preSolution
		HideSolutionNode = FALSE
	EndGlobalSection
	GlobalSection(ExtensibilityGlobals) = postSolution
		SolutionGuid = {812D0D7D-3A16-4307-B1C4-31C5A83BE8BA}
	EndGlobalSection
EndGlobal
